
Microsoft Visual Studio Solution File, Format Version 12.00
# Visual Studio Version 17
VisualStudioVersion = 17.14.36203.30 d17.14
MinimumVisualStudioVersion = 10.0.40219.1
Project("{FAE04EC0-301F-11D3-BF4B-00C04F79EFBC}") = "Warehouse", "Warehouse\Warehouse.csproj", "{478C26A1-B885-415D-BD02-502517F59949}"
EndProject
Global
	GlobalSection(SolutionConfigurationPlatforms) = preSolution
		Debug|Any CPU = Debug|Any CPU
		Release|Any CPU = Release|Any CPU
	EndGlobalSection
	GlobalSection(ProjectConfigurationPlatforms) = postSolution
		{478C26A1-B885-415D-BD02-502517F59949}.Debug|Any CPU.ActiveCfg = Debug|Any CPU
		{478C26A1-B885-415D-BD02-502517F59949}.Debug|Any CPU.Build.0 = Debug|Any CPU
		{478C26A1-B885-415D-BD02-502517F59949}.Release|Any CPU.ActiveCfg = Release|Any CPU
		{478C26A1-B885-415D-BD02-502517F59949}.Release|Any CPU.Build.0 = Release|Any CPU
	EndGlobalSection
	GlobalSection(SolutionProperties) = preSolution
		HideSolutionNode = FALSE
	EndGlobalSection
	GlobalSection(ExtensibilityGlobals) = postSolution
		SolutionGuid = {41262720-D2D4-4BCF-8B4A-58DB45ADFF7A}
	EndGlobalSection
EndGlobal
