
Microsoft Visual Studio Solution File, Format Version 12.00
# Visual Studio Version 17
VisualStudioVersion = 17.14.36414.22 d17.14
MinimumVisualStudioVersion = 10.0.40219.1
Project("{FAE04EC0-301F-11D3-BF4B-00C04F79EFBC}") = "TextAnalizer", "TextAnalizer\TextAnalizer.csproj", "{9BF34AFB-9D9D-406A-BDED-1A6ED89B0575}"
EndProject
Project("{FAE04EC0-301F-11D3-BF4B-00C04F79EFBC}") = "DublicateMover", "DublicateMover\DublicateMover.csproj", "{5B2091D2-37EA-4E3C-B953-60C911A9B34E}"
EndProject
Global
	GlobalSection(SolutionConfigurationPlatforms) = preSolution
		Debug|Any CPU = Debug|Any CPU
		Release|Any CPU = Release|Any CPU
	EndGlobalSection
	GlobalSection(ProjectConfigurationPlatforms) = postSolution
		{9BF34AFB-9D9D-406A-BDED-1A6ED89B0575}.Debug|Any CPU.ActiveCfg = Debug|Any CPU
		{9BF34AFB-9D9D-406A-BDED-1A6ED89B0575}.Debug|Any CPU.Build.0 = Debug|Any CPU
		{9BF34AFB-9D9D-406A-BDED-1A6ED89B0575}.Release|Any CPU.ActiveCfg = Release|Any CPU
		{9BF34AFB-9D9D-406A-BDED-1A6ED89B0575}.Release|Any CPU.Build.0 = Release|Any CPU
		{5B2091D2-37EA-4E3C-B953-60C911A9B34E}.Debug|Any CPU.ActiveCfg = Debug|Any CPU
		{5B2091D2-37EA-4E3C-B953-60C911A9B34E}.Debug|Any CPU.Build.0 = Debug|Any CPU
		{5B2091D2-37EA-4E3C-B953-60C911A9B34E}.Release|Any CPU.ActiveCfg = Release|Any CPU
		{5B2091D2-37EA-4E3C-B953-60C911A9B34E}.Release|Any CPU.Build.0 = Release|Any CPU
	EndGlobalSection
	GlobalSection(SolutionProperties) = preSolution
		HideSolutionNode = FALSE
	EndGlobalSection
	GlobalSection(ExtensibilityGlobals) = postSolution
		SolutionGuid = {520E2029-E88C-4D8E-B5E2-3198B37F1634}
	EndGlobalSection
EndGlobal
