
Microsoft Visual Studio Solution File, Format Version 12.00
# Visual Studio Version 17
VisualStudioVersion = 17.0.31903.59
MinimumVisualStudioVersion = 10.0.40219.1
Project("{FAE04EC0-301F-11D3-BF4B-00C04F79EFBC}") = "SpainChampionship.Presentation", "SpainChampionship.Presentation\SpainChampionship.Presentation.csproj", "{4DDB9CB1-0C63-8073-D882-E47BED61CDBB}"
EndProject
Project("{FAE04EC0-301F-11D3-BF4B-00C04F79EFBC}") = "SpainChampionship.Infrastructure", "SpainChampionship.Infrastructure\SpainChampionship.Infrastructure.csproj", "{C1011BD4-1310-14D2-C7FD-423E45BE4771}"
EndProject
Project("{FAE04EC0-301F-11D3-BF4B-00C04F79EFBC}") = "SpainChampionship.Domain", "SpainChampionship.Domain\SpainChampionship.Domain.csproj", "{F239F0FF-F97D-053C-690D-C433C5C31317}"
EndProject
Global
	GlobalSection(SolutionConfigurationPlatforms) = preSolution
		Debug|Any CPU = Debug|Any CPU
		Release|Any CPU = Release|Any CPU
	EndGlobalSection
	GlobalSection(ProjectConfigurationPlatforms) = postSolution
		{4DDB9CB1-0C63-8073-D882-E47BED61CDBB}.Debug|Any CPU.ActiveCfg = Debug|Any CPU
		{4DDB9CB1-0C63-8073-D882-E47BED61CDBB}.Debug|Any CPU.Build.0 = Debug|Any CPU
		{4DDB9CB1-0C63-8073-D882-E47BED61CDBB}.Release|Any CPU.ActiveCfg = Release|Any CPU
		{4DDB9CB1-0C63-8073-D882-E47BED61CDBB}.Release|Any CPU.Build.0 = Release|Any CPU
		{C1011BD4-1310-14D2-C7FD-423E45BE4771}.Debug|Any CPU.ActiveCfg = Debug|Any CPU
		{C1011BD4-1310-14D2-C7FD-423E45BE4771}.Debug|Any CPU.Build.0 = Debug|Any CPU
		{C1011BD4-1310-14D2-C7FD-423E45BE4771}.Release|Any CPU.ActiveCfg = Release|Any CPU
		{C1011BD4-1310-14D2-C7FD-423E45BE4771}.Release|Any CPU.Build.0 = Release|Any CPU
		{F239F0FF-F97D-053C-690D-C433C5C31317}.Debug|Any CPU.ActiveCfg = Debug|Any CPU
		{F239F0FF-F97D-053C-690D-C433C5C31317}.Debug|Any CPU.Build.0 = Debug|Any CPU
		{F239F0FF-F97D-053C-690D-C433C5C31317}.Release|Any CPU.ActiveCfg = Release|Any CPU
		{F239F0FF-F97D-053C-690D-C433C5C31317}.Release|Any CPU.Build.0 = Release|Any CPU
	EndGlobalSection
	GlobalSection(SolutionProperties) = preSolution
		HideSolutionNode = FALSE
	EndGlobalSection
EndGlobal
