
Microsoft Visual Studio Solution File, Format Version 12.00
# Visual Studio Version 17
VisualStudioVersion = 17.13.35818.85 d17.13
MinimumVisualStudioVersion = 10.0.40219.1
Project("{FAE04EC0-301F-11D3-BF4B-00C04F79EFBC}") = "Task1", "Task1\Task1.csproj", "{FDCC7327-3696-4DA4-876A-16444C97A7B7}"
EndProject
Project("{FAE04EC0-301F-11D3-BF4B-00C04F79EFBC}") = "Task2", "Task2\Task2.csproj", "{3FEDB029-2E87-40A6-A7FB-AAB650390BEF}"
EndProject
Project("{FAE04EC0-301F-11D3-BF4B-00C04F79EFBC}") = "Task4", "Task4\Task4.csproj", "{471B83DD-BCA9-4002-B699-B79491813F1C}"
EndProject
Project("{FAE04EC0-301F-11D3-BF4B-00C04F79EFBC}") = "Task5", "Task5\Task5.csproj", "{12EA2FB1-B044-4626-BAD7-08F84EA5CD85}"
EndProject
Project("{FAE04EC0-301F-11D3-BF4B-00C04F79EFBC}") = "Task6", "Task6\Task6.csproj", "{D6B90524-F7F2-45A6-B3B9-A0C38123BE53}"
EndProject
Global
	GlobalSection(SolutionConfigurationPlatforms) = preSolution
		Debug|Any CPU = Debug|Any CPU
		Release|Any CPU = Release|Any CPU
	EndGlobalSection
	GlobalSection(ProjectConfigurationPlatforms) = postSolution
		{FDCC7327-3696-4DA4-876A-16444C97A7B7}.Debug|Any CPU.ActiveCfg = Debug|Any CPU
		{FDCC7327-3696-4DA4-876A-16444C97A7B7}.Debug|Any CPU.Build.0 = Debug|Any CPU
		{FDCC7327-3696-4DA4-876A-16444C97A7B7}.Release|Any CPU.ActiveCfg = Release|Any CPU
		{FDCC7327-3696-4DA4-876A-16444C97A7B7}.Release|Any CPU.Build.0 = Release|Any CPU
		{3FEDB029-2E87-40A6-A7FB-AAB650390BEF}.Debug|Any CPU.ActiveCfg = Debug|Any CPU
		{3FEDB029-2E87-40A6-A7FB-AAB650390BEF}.Debug|Any CPU.Build.0 = Debug|Any CPU
		{3FEDB029-2E87-40A6-A7FB-AAB650390BEF}.Release|Any CPU.ActiveCfg = Release|Any CPU
		{3FEDB029-2E87-40A6-A7FB-AAB650390BEF}.Release|Any CPU.Build.0 = Release|Any CPU
		{471B83DD-BCA9-4002-B699-B79491813F1C}.Debug|Any CPU.ActiveCfg = Debug|Any CPU
		{471B83DD-BCA9-4002-B699-B79491813F1C}.Debug|Any CPU.Build.0 = Debug|Any CPU
		{471B83DD-BCA9-4002-B699-B79491813F1C}.Release|Any CPU.ActiveCfg = Release|Any CPU
		{471B83DD-BCA9-4002-B699-B79491813F1C}.Release|Any CPU.Build.0 = Release|Any CPU
		{12EA2FB1-B044-4626-BAD7-08F84EA5CD85}.Debug|Any CPU.ActiveCfg = Debug|Any CPU
		{12EA2FB1-B044-4626-BAD7-08F84EA5CD85}.Debug|Any CPU.Build.0 = Debug|Any CPU
		{12EA2FB1-B044-4626-BAD7-08F84EA5CD85}.Release|Any CPU.ActiveCfg = Release|Any CPU
		{12EA2FB1-B044-4626-BAD7-08F84EA5CD85}.Release|Any CPU.Build.0 = Release|Any CPU
		{D6B90524-F7F2-45A6-B3B9-A0C38123BE53}.Debug|Any CPU.ActiveCfg = Debug|Any CPU
		{D6B90524-F7F2-45A6-B3B9-A0C38123BE53}.Debug|Any CPU.Build.0 = Debug|Any CPU
		{D6B90524-F7F2-45A6-B3B9-A0C38123BE53}.Release|Any CPU.ActiveCfg = Release|Any CPU
		{D6B90524-F7F2-45A6-B3B9-A0C38123BE53}.Release|Any CPU.Build.0 = Release|Any CPU
	EndGlobalSection
	GlobalSection(SolutionProperties) = preSolution
		HideSolutionNode = FALSE
	EndGlobalSection
	GlobalSection(ExtensibilityGlobals) = postSolution
		SolutionGuid = {7CF5D0A2-370C-4BB8-A41A-E672820219C4}
	EndGlobalSection
EndGlobal
