
Microsoft Visual Studio Solution File, Format Version 12.00
# Visual Studio Version 17
VisualStudioVersion = 17.14.36603.0
MinimumVisualStudioVersion = 10.0.40219.1
Project("{FAE04EC0-301F-11D3-BF4B-00C04F79EFBC}") = "MicroBrowser", "MicroBrowser\MicroBrowser.csproj", "{0C025529-F9CF-4A77-ABFD-42D50C6DC51C}"
EndProject
Project("{FAE04EC0-301F-11D3-BF4B-00C04F79EFBC}") = "MicroImageBoard", "MicroImageBoard\MicroImageBoard.csproj", "{C2282C89-2779-4D3E-8999-D09CBFF8B1A9}"
EndProject
Global
	GlobalSection(SolutionConfigurationPlatforms) = preSolution
		Debug|Any CPU = Debug|Any CPU
		Release|Any CPU = Release|Any CPU
	EndGlobalSection
	GlobalSection(ProjectConfigurationPlatforms) = postSolution
		{0C025529-F9CF-4A77-ABFD-42D50C6DC51C}.Debug|Any CPU.ActiveCfg = Debug|Any CPU
		{0C025529-F9CF-4A77-ABFD-42D50C6DC51C}.Debug|Any CPU.Build.0 = Debug|Any CPU
		{0C025529-F9CF-4A77-ABFD-42D50C6DC51C}.Release|Any CPU.ActiveCfg = Release|Any CPU
		{0C025529-F9CF-4A77-ABFD-42D50C6DC51C}.Release|Any CPU.Build.0 = Release|Any CPU
		{C2282C89-2779-4D3E-8999-D09CBFF8B1A9}.Debug|Any CPU.ActiveCfg = Debug|Any CPU
		{C2282C89-2779-4D3E-8999-D09CBFF8B1A9}.Debug|Any CPU.Build.0 = Debug|Any CPU
		{C2282C89-2779-4D3E-8999-D09CBFF8B1A9}.Release|Any CPU.ActiveCfg = Release|Any CPU
		{C2282C89-2779-4D3E-8999-D09CBFF8B1A9}.Release|Any CPU.Build.0 = Release|Any CPU
	EndGlobalSection
	GlobalSection(SolutionProperties) = preSolution
		HideSolutionNode = FALSE
	EndGlobalSection
	GlobalSection(ExtensibilityGlobals) = postSolution
		SolutionGuid = {404E9776-2141-44E3-8B05-93EFE1FE5E44}
	EndGlobalSection
EndGlobal
