
Microsoft Visual Studio Solution File, Format Version 12.00
# Visual Studio Version 17
VisualStudioVersion = 17.14.36414.22
MinimumVisualStudioVersion = 10.0.40219.1
Project("{FAE04EC0-301F-11D3-BF4B-00C04F79EFBC}") = "NumbersAnalyzer", "CountUnique\NumbersAnalyzer.csproj", "{A3C5D822-A7C2-43BB-A8D1-7454489FB581}"
EndProject
Project("{FAE04EC0-301F-11D3-BF4B-00C04F79EFBC}") = "ResumeAnalyzer", "ResumeAnalyzer\ResumeAnalyzer.csproj", "{F3A2D857-13FE-4D0A-A323-47702C80B547}"
EndProject
Global
	GlobalSection(SolutionConfigurationPlatforms) = preSolution
		Debug|Any CPU = Debug|Any CPU
		Release|Any CPU = Release|Any CPU
	EndGlobalSection
	GlobalSection(ProjectConfigurationPlatforms) = postSolution
		{A3C5D822-A7C2-43BB-A8D1-7454489FB581}.Debug|Any CPU.ActiveCfg = Debug|Any CPU
		{A3C5D822-A7C2-43BB-A8D1-7454489FB581}.Debug|Any CPU.Build.0 = Debug|Any CPU
		{A3C5D822-A7C2-43BB-A8D1-7454489FB581}.Release|Any CPU.ActiveCfg = Release|Any CPU
		{A3C5D822-A7C2-43BB-A8D1-7454489FB581}.Release|Any CPU.Build.0 = Release|Any CPU
		{F3A2D857-13FE-4D0A-A323-47702C80B547}.Debug|Any CPU.ActiveCfg = Debug|Any CPU
		{F3A2D857-13FE-4D0A-A323-47702C80B547}.Debug|Any CPU.Build.0 = Debug|Any CPU
		{F3A2D857-13FE-4D0A-A323-47702C80B547}.Release|Any CPU.ActiveCfg = Release|Any CPU
		{F3A2D857-13FE-4D0A-A323-47702C80B547}.Release|Any CPU.Build.0 = Release|Any CPU
	EndGlobalSection
	GlobalSection(SolutionProperties) = preSolution
		HideSolutionNode = FALSE
	EndGlobalSection
	GlobalSection(ExtensibilityGlobals) = postSolution
		SolutionGuid = {8C8D92AE-581B-45F8-B4F2-EBB5C92D9636}
	EndGlobalSection
EndGlobal
