
Microsoft Visual Studio Solution File, Format Version 12.00
# Visual Studio Version 17
VisualStudioVersion = 17.14.36414.22 d17.14
MinimumVisualStudioVersion = 10.0.40219.1
Project("{FAE04EC0-301F-11D3-BF4B-00C04F79EFBC}") = "Solution", "Solution\Solution.csproj", "{44EC9992-D1D0-493B-BFFF-4E9E03789EDC}"
EndProject
Global
	GlobalSection(SolutionConfigurationPlatforms) = preSolution
		Debug|Any CPU = Debug|Any CPU
		Release|Any CPU = Release|Any CPU
	EndGlobalSection
	GlobalSection(ProjectConfigurationPlatforms) = postSolution
		{44EC9992-D1D0-493B-BFFF-4E9E03789EDC}.Debug|Any CPU.ActiveCfg = Debug|Any CPU
		{44EC9992-D1D0-493B-BFFF-4E9E03789EDC}.Debug|Any CPU.Build.0 = Debug|Any CPU
		{44EC9992-D1D0-493B-BFFF-4E9E03789EDC}.Release|Any CPU.ActiveCfg = Release|Any CPU
		{44EC9992-D1D0-493B-BFFF-4E9E03789EDC}.Release|Any CPU.Build.0 = Release|Any CPU
	EndGlobalSection
	GlobalSection(SolutionProperties) = preSolution
		HideSolutionNode = FALSE
	EndGlobalSection
	GlobalSection(ExtensibilityGlobals) = postSolution
		SolutionGuid = {6D32E211-4882-4D03-9F1D-AD0ADEA7334D}
	EndGlobalSection
EndGlobal
